
Microsoft Visual Studio Solution File, Format Version 12.00
# Visual Studio Version 17
VisualStudioVersion = 17.11.35327.3
MinimumVisualStudioVersion = 10.0.40219.1
Project("{FAE04EC0-301F-11D3-BF4B-00C04F79EFBC}") = "Documentos", "Documentos\Documentos.csproj", "{F4BFDFBE-68C6-44C5-A98B-36F89DD6FA96}"
EndProject
Project("{FAE04EC0-301F-11D3-BF4B-00C04F79EFBC}") = "DocumentosTest", "DocumentosTest\DocumentosTest.csproj", "{C93FF751-4F09-4996-B4D1-781B1F4711F9}"
EndProject
Global
	GlobalSection(SolutionConfigurationPlatforms) = preSolution
		Debug|Any CPU = Debug|Any CPU
		Release|Any CPU = Release|Any CPU
	EndGlobalSection
	GlobalSection(ProjectConfigurationPlatforms) = postSolution
		{F4BFDFBE-68C6-44C5-A98B-36F89DD6FA96}.Debug|Any CPU.ActiveCfg = Debug|Any CPU
		{F4BFDFBE-68C6-44C5-A98B-36F89DD6FA96}.Debug|Any CPU.Build.0 = Debug|Any CPU
		{F4BFDFBE-68C6-44C5-A98B-36F89DD6FA96}.Release|Any CPU.ActiveCfg = Release|Any CPU
		{F4BFDFBE-68C6-44C5-A98B-36F89DD6FA96}.Release|Any CPU.Build.0 = Release|Any CPU
		{C93FF751-4F09-4996-B4D1-781B1F4711F9}.Debug|Any CPU.ActiveCfg = Debug|Any CPU
		{C93FF751-4F09-4996-B4D1-781B1F4711F9}.Debug|Any CPU.Build.0 = Debug|Any CPU
		{C93FF751-4F09-4996-B4D1-781B1F4711F9}.Release|Any CPU.ActiveCfg = Release|Any CPU
		{C93FF751-4F09-4996-B4D1-781B1F4711F9}.Release|Any CPU.Build.0 = Release|Any CPU
	EndGlobalSection
	GlobalSection(SolutionProperties) = preSolution
		HideSolutionNode = FALSE
	EndGlobalSection
	GlobalSection(ExtensibilityGlobals) = postSolution
		SolutionGuid = {EF018CAF-8C45-4F22-AFDB-A6721BB5EDB4}
	EndGlobalSection
EndGlobal
